
Microsoft Visual Studio Solution File, Format Version 12.00
# Visual Studio Version 17
VisualStudioVersion = 17.9.34616.47
MinimumVisualStudioVersion = 10.0.40219.1
Project("{FAE04EC0-301F-11D3-BF4B-00C04F79EFBC}") = "MCF_Test", "MCF_Test\MCF_Test.csproj", "{2DEB9CAD-57BB-4256-BCAD-EDC516139E89}"
EndProject
Project("{FAE04EC0-301F-11D3-BF4B-00C04F79EFBC}") = "Frontend", "Frontend\Frontend.csproj", "{F57DD392-4FAB-4F75-9BF8-8D17C27D05FE}"
EndProject
Global
	GlobalSection(SolutionConfigurationPlatforms) = preSolution
		Debug|Any CPU = Debug|Any CPU
		Release|Any CPU = Release|Any CPU
	EndGlobalSection
	GlobalSection(ProjectConfigurationPlatforms) = postSolution
		{2DEB9CAD-57BB-4256-BCAD-EDC516139E89}.Debug|Any CPU.ActiveCfg = Debug|Any CPU
		{2DEB9CAD-57BB-4256-BCAD-EDC516139E89}.Debug|Any CPU.Build.0 = Debug|Any CPU
		{2DEB9CAD-57BB-4256-BCAD-EDC516139E89}.Release|Any CPU.ActiveCfg = Release|Any CPU
		{2DEB9CAD-57BB-4256-BCAD-EDC516139E89}.Release|Any CPU.Build.0 = Release|Any CPU
		{F57DD392-4FAB-4F75-9BF8-8D17C27D05FE}.Debug|Any CPU.ActiveCfg = Debug|Any CPU
		{F57DD392-4FAB-4F75-9BF8-8D17C27D05FE}.Debug|Any CPU.Build.0 = Debug|Any CPU
		{F57DD392-4FAB-4F75-9BF8-8D17C27D05FE}.Release|Any CPU.ActiveCfg = Release|Any CPU
		{F57DD392-4FAB-4F75-9BF8-8D17C27D05FE}.Release|Any CPU.Build.0 = Release|Any CPU
	EndGlobalSection
	GlobalSection(SolutionProperties) = preSolution
		HideSolutionNode = FALSE
	EndGlobalSection
	GlobalSection(ExtensibilityGlobals) = postSolution
		SolutionGuid = {C6A76511-6CD1-470D-9EC5-8AF161190DD0}
	EndGlobalSection
EndGlobal
